// !$*UTF8*$!
{
	archiveVersion = 1;
	classes = {
	};
	objectVersion = 46;
	objects = {

/* Begin PBXBuildFile section */
		359C01CB1450781F006A8450 /* UIKit.framework in Frameworks */ = {isa = PBXBuildFile; fileRef = 359C01CA1450781F006A8450 /* UIKit.framework */; };
		359C01CD1450781F006A8450 /* Foundation.framework in Frameworks */ = {isa = PBXBuildFile; fileRef = 359C01CC1450781F006A8450 /* Foundation.framework */; };
		359C01CF1450781F006A8450 /* CoreGraphics.framework in Frameworks */ = {isa = PBXBuildFile; fileRef = 359C01CE1450781F006A8450 /* CoreGraphics.framework */; };
		359C01D51450781F006A8450 /* InfoPlist.strings in Resources */ = {isa = PBXBuildFile; fileRef = 359C01D31450781F006A8450 /* InfoPlist.strings */; };
		359C01D81450781F006A8450 /* main.m in Sources */ = {isa = PBXBuildFile; fileRef = 359C01D71450781F006A8450 /* main.m */; };
		359C01DB14507820006A8450 /* iCTFAppDelegate.m in Sources */ = {isa = PBXBuildFile; fileRef = 359C01DA14507820006A8450 /* iCTFAppDelegate.m */; };
		359C01DE14507820006A8450 /* MainWindow.xib in Resources */ = {isa = PBXBuildFile; fileRef = 359C01DC14507820006A8450 /* MainWindow.xib */; };
/* End PBXBuildFile section */

/* Begin PBXFileReference section */
		359C01C61450781F006A8450 /* iCTF.app */ = {isa = PBXFileReference; explicitFileType = wrapper.application; includeInIndex = 0; path = iCTF.app; sourceTree = BUILT_PRODUCTS_DIR; };
		359C01CA1450781F006A8450 /* UIKit.framework */ = {isa = PBXFileReference; lastKnownFileType = wrapper.framework; name = UIKit.framework; path = System/Library/Frameworks/UIKit.framework; sourceTree = SDKROOT; };
		359C01CC1450781F006A8450 /* Foundation.framework */ = {isa = PBXFileReference; lastKnownFileType = wrapper.framework; name = Foundation.framework; path = System/Library/Frameworks/Foundation.framework; sourceTree = SDKROOT; };
		359C01CE1450781F006A8450 /* CoreGraphics.framework */ = {isa = PBXFileReference; lastKnownFileType = wrapper.framework; name = CoreGraphics.framework; path = System/Library/Frameworks/CoreGraphics.framework; sourceTree = SDKROOT; };
		359C01D21450781F006A8450 /* iCTF-Info.plist */ = {isa = PBXFileReference; path = "iCTF-Info.plist"; sourceTree = "<group>"; };
		359C01D41450781F006A8450 /* en */ = {isa = PBXFileReference; lastKnownFileType = text.plist.strings; name = en; path = en.lproj/InfoPlist.strings; sourceTree = "<group>"; };
		359C01D61450781F006A8450 /* iCTF-Prefix.pch */ = {isa = PBXFileReference; path = "iCTF-Prefix.pch"; sourceTree = "<group>"; };
		359C01D71450781F006A8450 /* main.m */ = {isa = PBXFileReference; lastKnownFileType = sourcecode.c.objc; path = main.m; sourceTree = "<group>"; };
		359C01D914507820006A8450 /* iCTFAppDelegate.h */ = {isa = PBXFileReference; path = iCTFAppDelegate.h; sourceTree = "<group>"; };
		359C01DA14507820006A8450 /* iCTFAppDelegate.m */ = {isa = PBXFileReference; lastKnownFileType = sourcecode.c.objc; path = iCTFAppDelegate.m; sourceTree = "<group>"; };
		359C01DD14507820006A8450 /* en */ = {isa = PBXFileReference; lastKnownFileType = file.xib; name = en; path = en.lproj/MainWindow.xib; sourceTree = "<group>"; };
/* End PBXFileReference section */

/* Begin PBXFrameworksBuildPhase section */
		359C01C31450781F006A8450 /* Frameworks */ = {
			isa = PBXFrameworksBuildPhase;
			buildActionMask = 2147483647;
			files = (
				359C01CB1450781F006A8450 /* UIKit.framework in Frameworks */,
				359C01CD1450781F006A8450 /* Foundation.framework in Frameworks */,
				359C01CF1450781F006A8450 /* CoreGraphics.framework in Frameworks */,
			);
			runOnlyForDeploymentPostprocessing = 0;
		};
/* End PBXFrameworksBuildPhase section */

/* Begin PBXGroup section */
		359C01BB1450781E006A8450 = {
			isa = PBXGroup;
			children = (
				359C01D01450781F006A8450 /* iCTF */,
				359C01C91450781F006A8450 /* Frameworks */,
				359C01C71450781F006A8450 /* Products */,
			);
			sourceTree = "<group>";
		};
		359C01C71450781F006A8450 /* Products */ = {
			isa = PBXGroup;
			children = (
				359C01C61450781F006A8450 /* iCTF.app */,
			);
			name = Products;
			sourceTree = "<group>";
		};
		359C01C91450781F006A8450 /* Frameworks */ = {
			isa = PBXGroup;
			children = (
				359C01CA1450781F006A8450 /* UIKit.framework */,
				359C01CC1450781F006A8450 /* Foundation.framework */,
				359C01CE1450781F006A8450 /* CoreGraphics.framework */,
			);
			name = Frameworks;
			sourceTree = "<group>";
		};
		359C01D01450781F006A8450 /* iCTF */ = {
			isa = PBXGroup;
			children = (
				359C01D914507820006A8450 /* iCTFAppDelegate.h */,
				359C01DA14507820006A8450 /* iCTFAppDelegate.m */,
				359C01DC14507820006A8450 /* MainWindow.xib */,
				359C01D11450781F006A8450 /* Supporting Files */,
			);
			path = iCTF;
			sourceTree = "<group>";
		};
		359C01D11450781F006A8450 /* Supporting Files */ = {
			isa = PBXGroup;
			children = (
				359C01D21450781F006A8450 /* iCTF-Info.plist */,
				359C01D31450781F006A8450 /* InfoPlist.strings */,
				359C01D61450781F006A8450 /* iCTF-Prefix.pch */,
				359C01D71450781F006A8450 /* main.m */,
			);
			name = "Supporting Files";
			sourceTree = "<group>";
		};
/* End PBXGroup section */

/* Begin PBXNativeTarget section */
		359C01C51450781F006A8450 /* iCTF */ = {
			isa = PBXNativeTarget;
			buildConfigurationList = 359C01E114507820006A8450 /* Build configuration list for PBXNativeTarget "iCTF" */;
			buildPhases = (
				359C01C21450781F006A8450 /* Sources */,
				359C01C31450781F006A8450 /* Frameworks */,
				359C01C41450781F006A8450 /* Resources */,
			);
			buildRules = (
			);
			dependencies = (
			);
			name = iCTF;
			productName = iCTF;
			productReference = 359C01C61450781F006A8450 /* iCTF.app */;
			productType = "com.apple.product-type.application";
		};
/* End PBXNativeTarget section */

/* Begin PBXProject section */
		359C01BD1450781E006A8450 /* Project object */ = {
			isa = PBXProject;
			attributes = {
				ORGANIZATIONNAME = Home;
			};
			buildConfigurationList = 359C01C01450781E006A8450 /* Build configuration list for PBXProject "iCTF" */;
			compatibilityVersion = "Xcode 3.2";
			developmentRegion = English;
			hasScannedForEncodings = 0;
			knownRegions = (
				en,
			);
			mainGroup = 359C01BB1450781E006A8450;
			productRefGroup = 359C01C71450781F006A8450 /* Products */;
			projectDirPath = "";
			projectRoot = "";
			targets = (
				359C01C51450781F006A8450 /* iCTF */,
			);
		};
/* End PBXProject section */

/* Begin PBXResourcesBuildPhase section */
		359C01C41450781F006A8450 /* Resources */ = {
			isa = PBXResourcesBuildPhase;
			buildActionMask = 2147483647;
			files = (
				359C01D51450781F006A8450 /* InfoPlist.strings in Resources */,
				359C01DE14507820006A8450 /* MainWindow.xib in Resources */,
			);
			runOnlyForDeploymentPostprocessing = 0;
		};
/* End PBXResourcesBuildPhase section */

/* Begin PBXSourcesBuildPhase section */
		359C01C21450781F006A8450 /* Sources */ = {
			isa = PBXSourcesBuildPhase;
			buildActionMask = 2147483647;
			files = (
				359C01D81450781F006A8450 /* main.m in Sources */,
				359C01DB14507820006A8450 /* iCTFAppDelegate.m in Sources */,
			);
			runOnlyForDeploymentPostprocessing = 0;
		};
/* End PBXSourcesBuildPhase section */

/* Begin PBXVariantGroup section */
		359C01D31450781F006A8450 /* InfoPlist.strings */ = {
			isa = PBXVariantGroup;
			children = (
				359C01D41450781F006A8450 /* en */,
			);
			name = InfoPlist.strings;
			sourceTree = "<group>";
		};
		359C01DC14507820006A8450 /* MainWindow.xib */ = {
			isa = PBXVariantGroup;
			children = (
				359C01DD14507820006A8450 /* en */,
			);
			name = MainWindow.xib;
			sourceTree = "<group>";
		};
/* End PBXVariantGroup section */

/* Begin XCBuildConfiguration section */
		359C01DF14507820006A8450 /* Debug */ = {
			isa = XCBuildConfiguration;
			buildSettings = {
				ARCHS = "$(ARCHS_STANDARD_32_BIT)";
				"CODE_SIGN_IDENTITY[sdk=iphoneos*]" = "iPhone Developer";
				GCC_C_LANGUAGE_STANDARD = gnu99;
				GCC_OPTIMIZATION_LEVEL = 0;
				GCC_PREPROCESSOR_DEFINITIONS = DEBUG;
				GCC_SYMBOLS_PRIVATE_EXTERN = NO;
				GCC_VERSION = com.apple.compilers.llvmgcc42;
				GCC_WARN_ABOUT_RETURN_TYPE = YES;
				GCC_WARN_UNUSED_VARIABLE = YES;
				IPHONEOS_DEPLOYMENT_TARGET = 4.3;
				SDKROOT = iphoneos;
			};
			name = Debug;
		};
		359C01E014507820006A8450 /* Release */ = {
			isa = XCBuildConfiguration;
			buildSettings = {
				ARCHS = "$(ARCHS_STANDARD_32_BIT)";
				"CODE_SIGN_IDENTITY[sdk=iphoneos*]" = "iPhone Developer";
				GCC_C_LANGUAGE_STANDARD = gnu99;
				GCC_VERSION = com.apple.compilers.llvmgcc42;
				GCC_WARN_ABOUT_RETURN_TYPE = YES;
				GCC_WARN_UNUSED_VARIABLE = YES;
				IPHONEOS_DEPLOYMENT_TARGET = 4.3;
				OTHER_CFLAGS = "-DNS_BLOCK_ASSERTIONS=1";
				SDKROOT = iphoneos;
			};
			name = Release;
		};
		359C01E214507820006A8450 /* Debug */ = {
			isa = XCBuildConfiguration;
			buildSettings = {
				ALWAYS_SEARCH_USER_PATHS = NO;
				COPY_PHASE_STRIP = NO;
				GCC_DYNAMIC_NO_PIC = NO;
				GCC_PRECOMPILE_PREFIX_HEADER = YES;
				GCC_PREFIX_HEADER = "iCTF/iCTF-Prefix.pch";
				INFOPLIST_FILE = "iCTF/iCTF-Info.plist";
				PRODUCT_NAME = "$(TARGET_NAME)";
				WRAPPER_EXTENSION = app;
			};
			name = Debug;
		};
		359C01E314507820006A8450 /* Release */ = {
			isa = XCBuildConfiguration;
			buildSettings = {
				ALWAYS_SEARCH_USER_PATHS = NO;
				COPY_PHASE_STRIP = YES;
				GCC_PRECOMPILE_PREFIX_HEADER = YES;
				GCC_PREFIX_HEADER = "iCTF/iCTF-Prefix.pch";
				INFOPLIST_FILE = "iCTF/iCTF-Info.plist";
				PRODUCT_NAME = "$(TARGET_NAME)";
				VALIDATE_PRODUCT = YES;
				WRAPPER_EXTENSION = app;
			};
			name = Release;
		};
/* End XCBuildConfiguration section */

/* Begin XCConfigurationList section */
		359C01C01450781E006A8450 /* Build configuration list for PBXProject "iCTF" */ = {
			isa = XCConfigurationList;
			buildConfigurations = (
				359C01DF14507820006A8450 /* Debug */,
				359C01E014507820006A8450 /* Release */,
			);
			defaultConfigurationIsVisible = 0;
			defaultConfigurationName = Release;
		};
		359C01E114507820006A8450 /* Build configuration list for PBXNativeTarget "iCTF" */ = {
			isa = XCConfigurationList;
			buildConfigurations = (
				359C01E214507820006A8450 /* Debug */,
				359C01E314507820006A8450 /* Release */,
			);
			defaultConfigurationIsVisible = 0;
		};
/* End XCConfigurationList section */
	};
	rootObject = 359C01BD1450781E006A8450 /* Project object */;
}
